<?xml version="1.0" encoding="utf-8"?>
<Project ToolsVersion="4.0" xmlns="http://schemas.microsoft.com/developer/msbuild/2003">
  <ItemGroup>
    <Filter Include="Source Files">
      <UniqueIdentifier>{4FC737F1-C7A5-4376-A066-2A32D752A2FF}</UniqueIdentifier>
      <Extensions>cpp;c;cc;cxx;c++;cppm;ixx;def;odl;idl;hpj;bat;asm;asmx</Extensions>
    </Filter>
    <Filter Include="Source Files\imgui">
      <UniqueIdentifier>{0a9da0c4-55c1-4ade-beb8-c0df08ce877d}</UniqueIdentifier>
    </Filter>
    <Filter Include="Source Files\sources">
      <UniqueIdentifier>{74eb3454-9bd9-4de3-b174-0309b9a274af}</UniqueIdentifier>
    </Filter>
    <Filter Include="Source Files\Maths">
      <UniqueIdentifier>{47ea57a0-863f-4827-83c6-6a7c375d1f1d}</UniqueIdentifier>
    </Filter>
    <Filter Include="Source Files\System">
      <UniqueIdentifier>{b6cea35d-ac59-4129-bc06-6832ec0fdbe5}</UniqueIdentifier>
    </Filter>
    <Filter Include="Source Files\Graphics">
      <UniqueIdentifier>{0b892241-ed44-4780-8c0e-8285fe49ea83}</UniqueIdentifier>
    </Filter>
    <Filter Include="Source Files\Graphics\Primitive">
      <UniqueIdentifier>{6638dcd5-15c0-4c14-a32d-0e71cc467715}</UniqueIdentifier>
    </Filter>
    <Filter Include="Source Files\System\GameObject">
      <UniqueIdentifier>{0131513b-f782-48f9-85fc-c6982892a1a6}</UniqueIdentifier>
    </Filter>
    <Filter Include="Source Files\System\Services">
      <UniqueIdentifier>{556045b6-bb04-4a23-a11b-0734f5901f85}</UniqueIdentifier>
    </Filter>
    <Filter Include="Source Files\System\Services\Scene">
      <UniqueIdentifier>{b0abeb3d-ea3b-4050-bb6c-c4805319d36e}</UniqueIdentifier>
    </Filter>
    <Filter Include="Source Files\System\Services\Scene\Service">
      <UniqueIdentifier>{c9794010-5378-4696-9b39-2ca045180d55}</UniqueIdentifier>
    </Filter>
    <Filter Include="Source Files\System\Services\Video">
      <UniqueIdentifier>{ad02d272-6524-46c9-b067-f2126834a807}</UniqueIdentifier>
    </Filter>
    <Filter Include="Source Files\System\Services\Input">
      <UniqueIdentifier>{d283cb99-0bf3-4bec-9838-32db854e5207}</UniqueIdentifier>
    </Filter>
    <Filter Include="Source Files\Graphics\PathTrace">
      <UniqueIdentifier>{fb189e0d-e97d-492b-9341-13c83fffacd7}</UniqueIdentifier>
    </Filter>
    <Filter Include="Source Files\Graphics\PathTrace\core">
      <UniqueIdentifier>{4bef95c8-4f72-4c6c-bc09-fb58efd18fd9}</UniqueIdentifier>
    </Filter>
    <Filter Include="Source Files\Graphics\PathTrace\loaders">
      <UniqueIdentifier>{6495680a-eaef-4155-9ddd-03fc92f5aef4}</UniqueIdentifier>
    </Filter>
    <Filter Include="Source Files\Graphics\PathTrace\math">
      <UniqueIdentifier>{9f9bb36f-3f1b-4584-9485-6441327aadfc}</UniqueIdentifier>
    </Filter>
    <Filter Include="Source Files\Graphics\PathTrace\tests">
      <UniqueIdentifier>{49564eec-d291-4daa-ac52-81a3e4ca6d0c}</UniqueIdentifier>
    </Filter>
    <Filter Include="Source Files\Graphics\PathTrace\RadeonRays">
      <UniqueIdentifier>{d6e554d2-ee68-4d0e-8645-824c129fdb19}</UniqueIdentifier>
    </Filter>
  </ItemGroup>
  <ItemGroup>
    <ClCompile Include="imgui\imgui.cpp">
      <Filter>Source Files\imgui</Filter>
    </ClCompile>
    <ClCompile Include="imgui\imgui_draw.cpp">
      <Filter>Source Files\imgui</Filter>
    </ClCompile>
    <ClCompile Include="imgui\imgui_impl_glfw.cpp">
      <Filter>Source Files\sources</Filter>
    </ClCompile>
    <ClCompile Include="imgui\imgui_impl_opengl3.cpp">
      <Filter>Source Files\sources</Filter>
    </ClCompile>
    <ClCompile Include="imgui\imgui_widgets.cpp">
      <Filter>Source Files\imgui</Filter>
    </ClCompile>
    <ClCompile Include="imgui\imgui_demo.cpp">
      <Filter>Source Files\imgui</Filter>
    </ClCompile>
    <ClCompile Include="AABB3.cpp">
      <Filter>Source Files\Maths</Filter>
    </ClCompile>
    <ClCompile Include="Capsule3.cpp">
      <Filter>Source Files\Maths</Filter>
    </ClCompile>
    <ClCompile Include="ColorRGBA.cpp">
      <Filter>Source Files\Maths</Filter>
    </ClCompile>
    <ClCompile Include="Maths.cpp">
      <Filter>Source Files\Maths</Filter>
    </ClCompile>
    <ClCompile Include="Matrix4.cpp">
      <Filter>Source Files\Maths</Filter>
    </ClCompile>
    <ClCompile Include="Plane3.cpp">
      <Filter>Source Files\Maths</Filter>
    </ClCompile>
    <ClCompile Include="Ray3.cpp">
      <Filter>Source Files\Maths</Filter>
    </ClCompile>
    <ClCompile Include="Segment3.cpp">
      <Filter>Source Files\Maths</Filter>
    </ClCompile>
    <ClCompile Include="Sphere3.cpp">
      <Filter>Source Files\Maths</Filter>
    </ClCompile>
    <ClCompile Include="Vector2.cpp">
      <Filter>Source Files\Maths</Filter>
    </ClCompile>
    <ClCompile Include="Vector3.cpp">
      <Filter>Source Files\Maths</Filter>
    </ClCompile>
    <ClCompile Include="Vector4.cpp">
      <Filter>Source Files\Maths</Filter>
    </ClCompile>
    <ClCompile Include="IO.cpp">
      <Filter>Source Files\Maths</Filter>
    </ClCompile>
    <ClCompile Include="System.cpp">
      <Filter>Source Files\System</Filter>
    </ClCompile>
    <ClCompile Include="FileIO.cpp">
      <Filter>Source Files\System</Filter>
    </ClCompile>
    <ClCompile Include="GZFileIO.cpp">
      <Filter>Source Files\System</Filter>
    </ClCompile>
    <ClCompile Include="InputStream.cpp">
      <Filter>Source Files\System</Filter>
    </ClCompile>
    <ClCompile Include="OutputStream.cpp">
      <Filter>Source Files\System</Filter>
    </ClCompile>
    <ClCompile Include="Platform.cpp">
      <Filter>Source Files\System</Filter>
    </ClCompile>
    <ClCompile Include="GUI.cpp">
      <Filter>Source Files\System</Filter>
    </ClCompile>
    <ClCompile Include="glad.c">
      <Filter>Source Files</Filter>
    </ClCompile>
    <ClCompile Include="Texture.cpp">
      <Filter>Source Files\Graphics</Filter>
    </ClCompile>
    <ClCompile Include="ShaderProgram.cpp">
      <Filter>Source Files\Graphics</Filter>
    </ClCompile>
    <ClCompile Include="Graphics.cpp">
      <Filter>Source Files\Graphics</Filter>
    </ClCompile>
    <ClCompile Include="FrameBuffer.cpp">
      <Filter>Source Files\Graphics</Filter>
    </ClCompile>
    <ClCompile Include="Primitives.cpp">
      <Filter>Source Files\Graphics</Filter>
    </ClCompile>
    <ClCompile Include="RenderStates.cpp">
      <Filter>Source Files\Graphics</Filter>
    </ClCompile>
    <ClCompile Include="Buffer.cpp">
      <Filter>Source Files\Graphics</Filter>
    </ClCompile>
    <ClCompile Include="Rect2.cpp">
      <Filter>Source Files\Maths</Filter>
    </ClCompile>
    <ClCompile Include="Frustum.cpp">
      <Filter>Source Files\Maths</Filter>
    </ClCompile>
    <ClCompile Include="Frame3.cpp">
      <Filter>Source Files\Graphics</Filter>
    </ClCompile>
    <ClCompile Include="Service.cpp">
      <Filter>Source Files\System\Services</Filter>
    </ClCompile>
    <ClCompile Include="ResourceImport.cpp">
      <Filter>Source Files\System\Services</Filter>
    </ClCompile>
    <ClCompile Include="ResourceAccess.cpp">
      <Filter>Source Files\System\Services</Filter>
    </ClCompile>
    <ClCompile Include="Audio.cpp">
      <Filter>Source Files\System\Services</Filter>
    </ClCompile>
    <ClCompile Include="Physics3D.cpp">
      <Filter>Source Files\System\Services</Filter>
    </ClCompile>
    <ClCompile Include="Physics2D.cpp">
      <Filter>Source Files\System\Services</Filter>
    </ClCompile>
    <ClCompile Include="Component.cpp">
      <Filter>Source Files\System\GameObject</Filter>
    </ClCompile>
    <ClCompile Include="GameObject.cpp">
      <Filter>Source Files\System\GameObject</Filter>
    </ClCompile>
    <ClCompile Include="ID.cpp">
      <Filter>Source Files\System\GameObject</Filter>
    </ClCompile>
    <ClCompile Include="Scene.cpp">
      <Filter>Source Files\System\Services\Scene\Service</Filter>
    </ClCompile>
    <ClCompile Include="Video.cpp">
      <Filter>Source Files\System\Services\Video</Filter>
    </ClCompile>
    <ClCompile Include="FrameWork2.cpp">
      <Filter>Source Files</Filter>
    </ClCompile>
    <ClCompile Include="PathTrace\core\Camera.cpp">
      <Filter>Source Files\Graphics\PathTrace\core</Filter>
    </ClCompile>
    <ClCompile Include="PathTrace\core\Mesh.cpp">
      <Filter>Source Files\Graphics\PathTrace\core</Filter>
    </ClCompile>
    <ClCompile Include="PathTrace\core\Program.cpp">
      <Filter>Source Files\Graphics\PathTrace\core</Filter>
    </ClCompile>
    <ClCompile Include="PathTrace\core\PTScene.cpp">
      <Filter>Source Files\Graphics\PathTrace\core</Filter>
    </ClCompile>
    <ClCompile Include="PathTrace\core\PTTexture.cpp">
      <Filter>Source Files\Graphics\PathTrace\core</Filter>
    </ClCompile>
    <ClCompile Include="PathTrace\core\Quad.cpp">
      <Filter>Source Files\Graphics\PathTrace\core</Filter>
    </ClCompile>
    <ClCompile Include="PathTrace\core\Renderer.cpp">
      <Filter>Source Files\Graphics\PathTrace\core</Filter>
    </ClCompile>
    <ClCompile Include="PathTrace\core\Shader.cpp">
      <Filter>Source Files\Graphics\PathTrace\core</Filter>
    </ClCompile>
    <ClCompile Include="PathTrace\core\TiledRenderer.cpp">
      <Filter>Source Files\Graphics\PathTrace\core</Filter>
    </ClCompile>
    <ClCompile Include="PathTrace\loaders\hdrloader.cpp">
      <Filter>Source Files\Graphics\PathTrace\loaders</Filter>
    </ClCompile>
    <ClCompile Include="PathTrace\loaders\Loader.cpp">
      <Filter>Source Files\Graphics\PathTrace\loaders</Filter>
    </ClCompile>
    <ClCompile Include="PathTrace.cpp">
      <Filter>Source Files\Graphics\PathTrace</Filter>
    </ClCompile>
    <ClCompile Include="PathTrace\RadeonRays\bbox.cpp">
      <Filter>Source Files\Graphics\PathTrace\RadeonRays</Filter>
    </ClCompile>
    <ClCompile Include="PathTrace\RadeonRays\bvh.cpp">
      <Filter>Source Files\Graphics\PathTrace\RadeonRays</Filter>
    </ClCompile>
    <ClCompile Include="PathTrace\RadeonRays\bvh_translator.cpp">
      <Filter>Source Files\Graphics\PathTrace\RadeonRays</Filter>
    </ClCompile>
    <ClCompile Include="PathTrace\RadeonRays\split_bvh.cpp">
      <Filter>Source Files\Graphics\PathTrace\RadeonRays</Filter>
    </ClCompile>
    <ClCompile Include="Input.cpp">
      <Filter>Source Files\System\Services\Input</Filter>
    </ClCompile>
    <ClCompile Include="Quaternion.cpp">
      <Filter>Source Files\Maths</Filter>
    </ClCompile>
  </ItemGroup>
  <ItemGroup>
    <ClInclude Include="imgui\imgui.h">
      <Filter>Source Files\imgui</Filter>
    </ClInclude>
    <ClInclude Include="imgui\imgui_internal.h">
      <Filter>Source Files\imgui</Filter>
    </ClInclude>
    <ClInclude Include="imgui\imgui_impl_glfw.h">
      <Filter>Source Files\sources</Filter>
    </ClInclude>
    <ClInclude Include="imgui\imgui_impl_opengl3.h">
      <Filter>Source Files\sources</Filter>
    </ClInclude>
    <ClInclude Include="imgui\imconfig.h">
      <Filter>Source Files\imgui</Filter>
    </ClInclude>
    <ClInclude Include="AABB3.h">
      <Filter>Source Files\Maths</Filter>
    </ClInclude>
    <ClInclude Include="Capsule3.h">
      <Filter>Source Files\Maths</Filter>
    </ClInclude>
    <ClInclude Include="ColorRGBA.h">
      <Filter>Source Files\Maths</Filter>
    </ClInclude>
    <ClInclude Include="Maths.h">
      <Filter>Source Files\Maths</Filter>
    </ClInclude>
    <ClInclude Include="Matrix4.h">
      <Filter>Source Files\Maths</Filter>
    </ClInclude>
    <ClInclude Include="Plane3.h">
      <Filter>Source Files\Maths</Filter>
    </ClInclude>
    <ClInclude Include="Quad.h">
      <Filter>Source Files\Maths</Filter>
    </ClInclude>
    <ClInclude Include="Ray3.h">
      <Filter>Source Files\Maths</Filter>
    </ClInclude>
    <ClInclude Include="Segment3.h">
      <Filter>Source Files\Maths</Filter>
    </ClInclude>
    <ClInclude Include="Sphere3.h">
      <Filter>Source Files\Maths</Filter>
    </ClInclude>
    <ClInclude Include="Vector2.h">
      <Filter>Source Files\Maths</Filter>
    </ClInclude>
    <ClInclude Include="Vector3.h">
      <Filter>Source Files\Maths</Filter>
    </ClInclude>
    <ClInclude Include="Vector4.h">
      <Filter>Source Files\Maths</Filter>
    </ClInclude>
    <ClInclude Include="IO.h">
      <Filter>Source Files\Maths</Filter>
    </ClInclude>
    <ClInclude Include="System.h">
      <Filter>Source Files\System</Filter>
    </ClInclude>
    <ClInclude Include="FileIO.h">
      <Filter>Source Files\System</Filter>
    </ClInclude>
    <ClInclude Include="GZFileIO.h">
      <Filter>Source Files\System</Filter>
    </ClInclude>
    <ClInclude Include="InputStream.h">
      <Filter>Source Files\System</Filter>
    </ClInclude>
    <ClInclude Include="OutputStream.h">
      <Filter>Source Files\System</Filter>
    </ClInclude>
    <ClInclude Include="FrameBuffer.h">
      <Filter>Source Files\Graphics</Filter>
    </ClInclude>
    <ClInclude Include="ShaderProgram.h">
      <Filter>Source Files\Graphics</Filter>
    </ClInclude>
    <ClInclude Include="Texture.h">
      <Filter>Source Files\Graphics</Filter>
    </ClInclude>
    <ClInclude Include="Platform.h">
      <Filter>Source Files\System</Filter>
    </ClInclude>
    <ClInclude Include="GUI.h">
      <Filter>Source Files\System</Filter>
    </ClInclude>
    <ClInclude Include="Graphics.h">
      <Filter>Source Files\Graphics</Filter>
    </ClInclude>
    <ClInclude Include="Primitives.h">
      <Filter>Source Files\Graphics</Filter>
    </ClInclude>
    <ClInclude Include="RenderStates.h">
      <Filter>Source Files\Graphics</Filter>
    </ClInclude>
    <ClInclude Include="Buffer.h">
      <Filter>Source Files\Graphics</Filter>
    </ClInclude>
    <ClInclude Include="Rect2.h">
      <Filter>Source Files\Maths</Filter>
    </ClInclude>
    <ClInclude Include="Frustum.h">
      <Filter>Source Files\Maths</Filter>
    </ClInclude>
    <ClInclude Include="Frame3.h">
      <Filter>Source Files\Graphics</Filter>
    </ClInclude>
    <ClInclude Include="Camera.h">
      <Filter>Source Files\Graphics</Filter>
    </ClInclude>
    <ClInclude Include="Shape.h">
      <Filter>Source Files\Graphics\Primitive</Filter>
    </ClInclude>
    <ClInclude Include="IK2DBase.h">
      <Filter>Source Files\Graphics\Primitive</Filter>
    </ClInclude>
    <ClInclude Include="IK2DNJoint.h">
      <Filter>Source Files\Graphics\Primitive</Filter>
    </ClInclude>
    <ClInclude Include="IK2D2Joint.h">
      <Filter>Source Files\Graphics\Primitive</Filter>
    </ClInclude>
    <ClInclude Include="GradientDescent.h">
      <Filter>Source Files\Graphics\Primitive</Filter>
    </ClInclude>
    <ClInclude Include="Service.h">
      <Filter>Source Files\System\Services</Filter>
    </ClInclude>
    <ClInclude Include="ResourceImport.h">
      <Filter>Source Files\System\Services</Filter>
    </ClInclude>
    <ClInclude Include="ResourceAccess.h">
      <Filter>Source Files\System\Services</Filter>
    </ClInclude>
    <ClInclude Include="Audio.h">
      <Filter>Source Files\System\Services</Filter>
    </ClInclude>
    <ClInclude Include="Physics3D.h">
      <Filter>Source Files\System\Services</Filter>
    </ClInclude>
    <ClInclude Include="Physics2D.h">
      <Filter>Source Files\System\Services</Filter>
    </ClInclude>
    <ClInclude Include="Component.h">
      <Filter>Source Files\System\GameObject</Filter>
    </ClInclude>
    <ClInclude Include="GameObject.h">
      <Filter>Source Files\System\GameObject</Filter>
    </ClInclude>
    <ClInclude Include="ID.h">
      <Filter>Source Files\System\GameObject</Filter>
    </ClInclude>
    <ClInclude Include="Scene.h">
      <Filter>Source Files\System\Services\Scene\Service</Filter>
    </ClInclude>
    <ClInclude Include="Video.h">
      <Filter>Source Files\System\Services\Video</Filter>
    </ClInclude>
    <ClInclude Include="FrameWork2.h">
      <Filter>Source Files</Filter>
    </ClInclude>
    <ClInclude Include="PathTrace\core\Camera.h">
      <Filter>Source Files\Graphics\PathTrace\core</Filter>
    </ClInclude>
    <ClInclude Include="PathTrace\core\Config.h">
      <Filter>Source Files\Graphics\PathTrace\core</Filter>
    </ClInclude>
    <ClInclude Include="PathTrace\core\Material.h">
      <Filter>Source Files\Graphics\PathTrace\core</Filter>
    </ClInclude>
    <ClInclude Include="PathTrace\core\Mesh.h">
      <Filter>Source Files\Graphics\PathTrace\core</Filter>
    </ClInclude>
    <ClInclude Include="PathTrace\core\Program.h">
      <Filter>Source Files\Graphics\PathTrace\core</Filter>
    </ClInclude>
    <ClInclude Include="PathTrace\core\PTScene.h">
      <Filter>Source Files\Graphics\PathTrace\core</Filter>
    </ClInclude>
    <ClInclude Include="PathTrace\core\PTTexture.h">
      <Filter>Source Files\Graphics\PathTrace\core</Filter>
    </ClInclude>
    <ClInclude Include="PathTrace\core\Quad.h">
      <Filter>Source Files\Graphics\PathTrace\core</Filter>
    </ClInclude>
    <ClInclude Include="PathTrace\core\Renderer.h">
      <Filter>Source Files\Graphics\PathTrace\core</Filter>
    </ClInclude>
    <ClInclude Include="PathTrace\core\Shader.h">
      <Filter>Source Files\Graphics\PathTrace\core</Filter>
    </ClInclude>
    <ClInclude Include="PathTrace\core\ShaderIncludes.h">
      <Filter>Source Files\Graphics\PathTrace\core</Filter>
    </ClInclude>
    <ClInclude Include="PathTrace\core\TiledRenderer.h">
      <Filter>Source Files\Graphics\PathTrace\core</Filter>
    </ClInclude>
    <ClInclude Include="PathTrace\loaders\hdrloader.h">
      <Filter>Source Files\Graphics\PathTrace\loaders</Filter>
    </ClInclude>
    <ClInclude Include="PathTrace\loaders\Loader.h">
      <Filter>Source Files\Graphics\PathTrace\loaders</Filter>
    </ClInclude>
    <ClInclude Include="PathTrace\loaders\tiny_obj_loader.h">
      <Filter>Source Files\Graphics\PathTrace\loaders</Filter>
    </ClInclude>
    <ClInclude Include="PathTrace\math\Mat4.h">
      <Filter>Source Files\Graphics\PathTrace\math</Filter>
    </ClInclude>
    <ClInclude Include="PathTrace\math\MathUtils.h">
      <Filter>Source Files\Graphics\PathTrace\math</Filter>
    </ClInclude>
    <ClInclude Include="PathTrace\math\Vec2.h">
      <Filter>Source Files\Graphics\PathTrace\math</Filter>
    </ClInclude>
    <ClInclude Include="PathTrace\math\Vec3.h">
      <Filter>Source Files\Graphics\PathTrace\math</Filter>
    </ClInclude>
    <ClInclude Include="PathTrace\math\Vec4.h">
      <Filter>Source Files\Graphics\PathTrace\math</Filter>
    </ClInclude>
    <ClInclude Include="PathTrace\tests\ajaxTestScene.h">
      <Filter>Source Files\Graphics\PathTrace\tests</Filter>
    </ClInclude>
    <ClInclude Include="PathTrace\tests\boyTestScene.h">
      <Filter>Source Files\Graphics\PathTrace\tests</Filter>
    </ClInclude>
    <ClInclude Include="PathTrace\tests\cornellTestScene.h">
      <Filter>Source Files\Graphics\PathTrace\tests</Filter>
    </ClInclude>
    <ClInclude Include="PathTrace.h">
      <Filter>Source Files\Graphics\PathTrace</Filter>
    </ClInclude>
    <ClInclude Include="PathTrace\RadeonRays\bbox.h">
      <Filter>Source Files\Graphics\PathTrace\RadeonRays</Filter>
    </ClInclude>
    <ClInclude Include="PathTrace\RadeonRays\bvh.h">
      <Filter>Source Files\Graphics\PathTrace\RadeonRays</Filter>
    </ClInclude>
    <ClInclude Include="PathTrace\RadeonRays\bvh_translator.h">
      <Filter>Source Files\Graphics\PathTrace\RadeonRays</Filter>
    </ClInclude>
    <ClInclude Include="PathTrace\RadeonRays\split_bvh.h">
      <Filter>Source Files\Graphics\PathTrace\RadeonRays</Filter>
    </ClInclude>
    <ClInclude Include="Input.h">
      <Filter>Source Files\System\Services\Input</Filter>
    </ClInclude>
    <ClInclude Include="Quaternion.h">
      <Filter>Source Files\Maths</Filter>
    </ClInclude>
    <ClInclude Include="IK2DCCDJoint.h">
      <Filter>Source Files\Graphics\Primitive</Filter>
    </ClInclude>
  </ItemGroup>
</Project>